<?xml version="1.0" encoding="utf-8"?>
<Project ToolsVersion="17.0" xmlns="http://schemas.microsoft.com/developer/msbuild/2003">
  <ItemGroup>
    <ClCompile Include="C:\Users\apandey\Downloads\obs-studio\libobs-opengl\gl-windows.c">
      <Filter>Source Files</Filter>
    </ClCompile>
    <ClCompile Include="C:\Users\apandey\Downloads\obs-studio\libobs-opengl\gl-helpers.c">
      <Filter>Source Files</Filter>
    </ClCompile>
    <ClCompile Include="C:\Users\apandey\Downloads\obs-studio\libobs-opengl\gl-indexbuffer.c">
      <Filter>Source Files</Filter>
    </ClCompile>
    <ClCompile Include="C:\Users\apandey\Downloads\obs-studio\libobs-opengl\gl-shader.c">
      <Filter>Source Files</Filter>
    </ClCompile>
    <ClCompile Include="C:\Users\apandey\Downloads\obs-studio\libobs-opengl\gl-shaderparser.c">
      <Filter>Source Files</Filter>
    </ClCompile>
    <ClCompile Include="C:\Users\apandey\Downloads\obs-studio\libobs-opengl\gl-stagesurf.c">
      <Filter>Source Files</Filter>
    </ClCompile>
    <ClCompile Include="C:\Users\apandey\Downloads\obs-studio\libobs-opengl\gl-subsystem.c">
      <Filter>Source Files</Filter>
    </ClCompile>
    <ClCompile Include="C:\Users\apandey\Downloads\obs-studio\libobs-opengl\gl-texture2d.c">
      <Filter>Source Files</Filter>
    </ClCompile>
    <ClCompile Include="C:\Users\apandey\Downloads\obs-studio\libobs-opengl\gl-texture3d.c">
      <Filter>Source Files</Filter>
    </ClCompile>
    <ClCompile Include="C:\Users\apandey\Downloads\obs-studio\libobs-opengl\gl-texturecube.c">
      <Filter>Source Files</Filter>
    </ClCompile>
    <ClCompile Include="C:\Users\apandey\Downloads\obs-studio\libobs-opengl\gl-vertexbuffer.c">
      <Filter>Source Files</Filter>
    </ClCompile>
    <ClCompile Include="C:\Users\apandey\Downloads\obs-studio\libobs-opengl\gl-zstencil.c">
      <Filter>Source Files</Filter>
    </ClCompile>
  </ItemGroup>
  <ItemGroup>
    <ClInclude Include="C:\Users\apandey\Downloads\obs-studio\libobs-opengl\gl-helpers.h">
      <Filter>Header Files</Filter>
    </ClInclude>
    <ClInclude Include="C:\Users\apandey\Downloads\obs-studio\libobs-opengl\gl-shaderparser.h">
      <Filter>Header Files</Filter>
    </ClInclude>
    <ClInclude Include="C:\Users\apandey\Downloads\obs-studio\libobs-opengl\gl-subsystem.h">
      <Filter>Header Files</Filter>
    </ClInclude>
    <ClInclude Include="C:\Users\apandey\Downloads\obs-studio\build\libobs\libobs_EXPORT.h">
      <Filter>Header Files</Filter>
    </ClInclude>
    <ClInclude Include="C:\Users\apandey\Downloads\obs-studio\build\deps\w32-pthreads\w32-pthreads_EXPORT.h">
      <Filter>Header Files</Filter>
    </ClInclude>
    <ClInclude Include="C:\Users\apandey\Downloads\obs-studio\deps\glad\include\glad\glad.h">
      <Filter>Header Files</Filter>
    </ClInclude>
    <ClInclude Include="C:\Users\apandey\Downloads\obs-studio\deps\glad\include\glad\glad_wgl.h">
      <Filter>Header Files</Filter>
    </ClInclude>
  </ItemGroup>
  <ItemGroup>
    <CustomBuild Include="C:\Users\apandey\Downloads\obs-studio\libobs-opengl\CMakeLists.txt" />
  </ItemGroup>
  <ItemGroup>
    <Object Include="C:\Users\apandey\Downloads\obs-studio\build\deps\glad\obsglad.dir\$(Configuration)\glad.obj">
      <Filter>Object Libraries</Filter>
    </Object>
    <Object Include="C:\Users\apandey\Downloads\obs-studio\build\deps\glad\obsglad.dir\$(Configuration)\glad_wgl.obj">
      <Filter>Object Libraries</Filter>
    </Object>
  </ItemGroup>
  <ItemGroup>
    <ResourceCompile Include="C:\Users\apandey\Downloads\obs-studio\build\libobs-opengl\libobs-opengl.rc">
      <Filter>Source Files</Filter>
    </ResourceCompile>
  </ItemGroup>
  <ItemGroup>
    <Filter Include="Header Files">
      <UniqueIdentifier>{E893BE85-50B0-326E-9B62-0B9E645648FC}</UniqueIdentifier>
    </Filter>
    <Filter Include="Object Libraries">
      <UniqueIdentifier>{813F0D97-8A68-373E-8D51-D6B71367FA5B}</UniqueIdentifier>
    </Filter>
    <Filter Include="Source Files">
      <UniqueIdentifier>{9CDD044B-A9B8-39A5-AE0A-6BEE8F78CA86}</UniqueIdentifier>
    </Filter>
  </ItemGroup>
</Project>
