<?xml version="1.0" encoding="utf-8"?>
<Project ToolsVersion="17.0" xmlns="http://schemas.microsoft.com/developer/msbuild/2003">
  <ItemGroup>
    <CustomBuild Include="C:\Users\apandey\Downloads\obs-studio\build\CMakeFiles\b5cbe015129d9e6324438e1abffdac7f\INSTALL_force.rule">
      <Filter>CMake Rules</Filter>
    </CustomBuild>
  </ItemGroup>
  <ItemGroup>
    <Filter Include="CMake Rules">
      <UniqueIdentifier>{635ADFB5-059D-34B8-96D7-75EAC151356C}</UniqueIdentifier>
    </Filter>
  </ItemGroup>
</Project>
